
Microsoft Visual Studio Solution File, Format Version 12.00
# Visual Studio Version 16
VisualStudioVersion = 16.0.30804.86
MinimumVisualStudioVersion = 10.0.40219.1
Project("{FAE04EC0-301F-11D3-BF4B-00C04F79EFBC}") = "API practise", "API practise\API practise.csproj", "{82ECC6C9-DFED-4C4D-84C4-92C0386F2FEA}"
EndProject
Global
	GlobalSection(SolutionConfigurationPlatforms) = preSolution
		Debug|Any CPU = Debug|Any CPU
		Release|Any CPU = Release|Any CPU
	EndGlobalSection
	GlobalSection(ProjectConfigurationPlatforms) = postSolution
		{82ECC6C9-DFED-4C4D-84C4-92C0386F2FEA}.Debug|Any CPU.ActiveCfg = Debug|Any CPU
		{82ECC6C9-DFED-4C4D-84C4-92C0386F2FEA}.Debug|Any CPU.Build.0 = Debug|Any CPU
		{82ECC6C9-DFED-4C4D-84C4-92C0386F2FEA}.Release|Any CPU.ActiveCfg = Release|Any CPU
		{82ECC6C9-DFED-4C4D-84C4-92C0386F2FEA}.Release|Any CPU.Build.0 = Release|Any CPU
	EndGlobalSection
	GlobalSection(SolutionProperties) = preSolution
		HideSolutionNode = FALSE
	EndGlobalSection
	GlobalSection(ExtensibilityGlobals) = postSolution
		SolutionGuid = {16BB4C26-5319-4138-8A4D-CC54B9E9DBA5}
	EndGlobalSection
EndGlobal
